Microsoft Visual Studio Solution File, Format Version 12.00
# Visual Studio Version 17
VisualStudioVersion = 17.5.2.0
MinimumVisualStudioVersion = 10.0.40219.1
Project("{FAE04EC0-301F-11D3-BF4B-00C04F79EFBC}") = "MahawMedicineApp", "MahawMedicineApp\MahawMedicineApp.csproj", "{9E46A9AF-3E81-05E5-D789-333D3D655BEA}"
EndProject
Global
	GlobalSection(SolutionConfigurationPlatforms) = preSolution
		Debug|Any CPU = Debug|Any CPU
		Release|Any CPU = Release|Any CPU
	EndGlobalSection
	GlobalSection(ProjectConfigurationPlatforms) = postSolution
		{9E46A9AF-3E81-05E5-D789-333D3D655BEA}.Debug|Any CPU.ActiveCfg = Debug|Any CPU
		{9E46A9AF-3E81-05E5-D789-333D3D655BEA}.Debug|Any CPU.Build.0 = Debug|Any CPU
		{9E46A9AF-3E81-05E5-D789-333D3D655BEA}.Release|Any CPU.ActiveCfg = Release|Any CPU
		{9E46A9AF-3E81-05E5-D789-333D3D655BEA}.Release|Any CPU.Build.0 = Release|Any CPU
	EndGlobalSection
	GlobalSection(SolutionProperties) = preSolution
		HideSolutionNode = FALSE
	EndGlobalSection
	GlobalSection(ExtensibilityGlobals) = postSolution
		SolutionGuid = {4A36160B-505E-4472-830F-F285A4764635}
	EndGlobalSection
EndGlobal
